// !$*UTF8*$!
{
	archiveVersion = 1;
	classes = {
	};
	objectVersion = 46;
	objects = {

/* Begin PBXBuildFile section */
		A90938DC1EFC1B40004F4B65 /* AppDelegate.swift in Sources */ = {isa = PBXBuildFile; fileRef = A90938DB1EFC1B40004F4B65 /* AppDelegate.swift */; };
		A90938DE1EFC1B40004F4B65 /* ViewController.swift in Sources */ = {isa = PBXBuildFile; fileRef = A90938DD1EFC1B40004F4B65 /* ViewController.swift */; };
		A90938E11EFC1B40004F4B65 /* Main.storyboard in Resources */ = {isa = PBXBuildFile; fileRef = A90938DF1EFC1B40004F4B65 /* Main.storyboard */; };
		A90938E31EFC1B40004F4B65 /* Assets.xcassets in Resources */ = {isa = PBXBuildFile; fileRef = A90938E21EFC1B40004F4B65 /* Assets.xcassets */; };
		A90938E61EFC1B40004F4B65 /* LaunchScreen.storyboard in Resources */ = {isa = PBXBuildFile; fileRef = A90938E41EFC1B40004F4B65 /* LaunchScreen.storyboard */; };
		A99744E71EFD5D4F00B10C14 /* PaddingLabel.swift in Sources */ = {isa = PBXBuildFile; fileRef = A99744E61EFD5D4F00B10C14 /* PaddingLabel.swift */; };
/* End PBXBuildFile section */

/* Begin PBXFileReference section */
		A90938D81EFC1B40004F4B65 /* PaddingLabelSample.app */ = {isa = PBXFileReference; explicitFileType = wrapper.application; includeInIndex = 0; path = PaddingLabelSample.app; sourceTree = BUILT_PRODUCTS_DIR; };
		A90938DB1EFC1B40004F4B65 /* AppDelegate.swift */ = {isa = PBXFileReference; lastKnownFileType = sourcecode.swift; path = AppDelegate.swift; sourceTree = "<group>"; };
		A90938DD1EFC1B40004F4B65 /* ViewController.swift */ = {isa = PBXFileReference; lastKnownFileType = sourcecode.swift; path = ViewController.swift; sourceTree = "<group>"; };
		A90938E01EFC1B40004F4B65 /* Base */ = {isa = PBXFileReference; lastKnownFileType = file.storyboard; name = Base; path = Base.lproj/Main.storyboard; sourceTree = "<group>"; };
		A90938E21EFC1B40004F4B65 /* Assets.xcassets */ = {isa = PBXFileReference; lastKnownFileType = folder.assetcatalog; path = Assets.xcassets; sourceTree = "<group>"; };
		A90938E51EFC1B40004F4B65 /* Base */ = {isa = PBXFileReference; lastKnownFileType = file.storyboard; name = Base; path = Base.lproj/LaunchScreen.storyboard; sourceTree = "<group>"; };
		A90938E71EFC1B40004F4B65 /* Info.plist */ = {isa = PBXFileReference; lastKnownFileType = text.plist.xml; path = Info.plist; sourceTree = "<group>"; };
		A99744E61EFD5D4F00B10C14 /* PaddingLabel.swift */ = {isa = PBXFileReference; fileEncoding = 4; lastKnownFileType = sourcecode.swift; path = PaddingLabel.swift; sourceTree = "<group>"; };
/* End PBXFileReference section */

/* Begin PBXFrameworksBuildPhase section */
		A90938D51EFC1B40004F4B65 /* Frameworks */ = {
			isa = PBXFrameworksBuildPhase;
			buildActionMask = 2147483647;
			files = (
			);
			runOnlyForDeploymentPostprocessing = 0;
		};
/* End PBXFrameworksBuildPhase section */

/* Begin PBXGroup section */
		A90938CF1EFC1B40004F4B65 = {
			isa = PBXGroup;
			children = (
				A90938DA1EFC1B40004F4B65 /* PaddingLabelSample */,
				A90938D91EFC1B40004F4B65 /* Products */,
			);
			sourceTree = "<group>";
		};
		A90938D91EFC1B40004F4B65 /* Products */ = {
			isa = PBXGroup;
			children = (
				A90938D81EFC1B40004F4B65 /* PaddingLabelSample.app */,
			);
			name = Products;
			sourceTree = "<group>";
		};
		A90938DA1EFC1B40004F4B65 /* PaddingLabelSample */ = {
			isa = PBXGroup;
			children = (
				A90938DB1EFC1B40004F4B65 /* AppDelegate.swift */,
				A90938DD1EFC1B40004F4B65 /* ViewController.swift */,
				A99744E61EFD5D4F00B10C14 /* PaddingLabel.swift */,
				A90938DF1EFC1B40004F4B65 /* Main.storyboard */,
				A90938E21EFC1B40004F4B65 /* Assets.xcassets */,
				A90938E41EFC1B40004F4B65 /* LaunchScreen.storyboard */,
				A90938E71EFC1B40004F4B65 /* Info.plist */,
			);
			path = PaddingLabelSample;
			sourceTree = "<group>";
		};
/* End PBXGroup section */

/* Begin PBXNativeTarget section */
		A90938D71EFC1B40004F4B65 /* PaddingLabelSample */ = {
			isa = PBXNativeTarget;
			buildConfigurationList = A90938EA1EFC1B40004F4B65 /* Build configuration list for PBXNativeTarget "PaddingLabelSample" */;
			buildPhases = (
				A90938D41EFC1B40004F4B65 /* Sources */,
				A90938D51EFC1B40004F4B65 /* Frameworks */,
				A90938D61EFC1B40004F4B65 /* Resources */,
			);
			buildRules = (
			);
			dependencies = (
			);
			name = PaddingLabelSample;
			productName = PaddingLabelSample;
			productReference = A90938D81EFC1B40004F4B65 /* PaddingLabelSample.app */;
			productType = "com.apple.product-type.application";
		};
/* End PBXNativeTarget section */

/* Begin PBXProject section */
		A90938D01EFC1B40004F4B65 /* Project object */ = {
			isa = PBXProject;
			attributes = {
				LastSwiftUpdateCheck = 0830;
				LastUpgradeCheck = 0830;
				ORGANIZATIONNAME = "SeungHo Choi";
				TargetAttributes = {
					A90938D71EFC1B40004F4B65 = {
						CreatedOnToolsVersion = 8.3.3;
						ProvisioningStyle = Automatic;
					};
				};
			};
			buildConfigurationList = A90938D31EFC1B40004F4B65 /* Build configuration list for PBXProject "PaddingLabelSample" */;
			compatibilityVersion = "Xcode 3.2";
			developmentRegion = English;
			hasScannedForEncodings = 0;
			knownRegions = (
				en,
				Base,
			);
			mainGroup = A90938CF1EFC1B40004F4B65;
			productRefGroup = A90938D91EFC1B40004F4B65 /* Products */;
			projectDirPath = "";
			projectRoot = "";
			targets = (
				A90938D71EFC1B40004F4B65 /* PaddingLabelSample */,
			);
		};
/* End PBXProject section */

/* Begin PBXResourcesBuildPhase section */
		A90938D61EFC1B40004F4B65 /* Resources */ = {
			isa = PBXResourcesBuildPhase;
			buildActionMask = 2147483647;
			files = (
				A90938E61EFC1B40004F4B65 /* LaunchScreen.storyboard in Resources */,
				A90938E31EFC1B40004F4B65 /* Assets.xcassets in Resources */,
				A90938E11EFC1B40004F4B65 /* Main.storyboard in Resources */,
			);
			runOnlyForDeploymentPostprocessing = 0;
		};
/* End PBXResourcesBuildPhase section */

/* Begin PBXSourcesBuildPhase section */
		A90938D41EFC1B40004F4B65 /* Sources */ = {
			isa = PBXSourcesBuildPhase;
			buildActionMask = 2147483647;
			files = (
				A99744E71EFD5D4F00B10C14 /* PaddingLabel.swift in Sources */,
				A90938DE1EFC1B40004F4B65 /* ViewController.swift in Sources */,
				A90938DC1EFC1B40004F4B65 /* AppDelegate.swift in Sources */,
			);
			runOnlyForDeploymentPostprocessing = 0;
		};
/* End PBXSourcesBuildPhase section */

/* Begin PBXVariantGroup section */
		A90938DF1EFC1B40004F4B65 /* Main.storyboard */ = {
			isa = PBXVariantGroup;
			children = (
				A90938E01EFC1B40004F4B65 /* Base */,
			);
			name = Main.storyboard;
			sourceTree = "<group>";
		};
		A90938E41EFC1B40004F4B65 /* LaunchScreen.storyboard */ = {
			isa = PBXVariantGroup;
			children = (
				A90938E51EFC1B40004F4B65 /* Base */,
			);
			name = LaunchScreen.storyboard;
			sourceTree = "<group>";
		};
/* End PBXVariantGroup section */

/* Begin XCBuildConfiguration section */
		A90938E81EFC1B40004F4B65 /* Debug */ = {
			isa = XCBuildConfiguration;
			buildSettings = {
				ALWAYS_SEARCH_USER_PATHS = NO;
				CLANG_ANALYZER_NONNULL = YES;
				CLANG_ANALYZER_NUMBER_OBJECT_CONVERSION = YES_AGGRESSIVE;
				CLANG_CXX_LANGUAGE_STANDARD = "gnu++0x";
				CLANG_CXX_LIBRARY = "libc++";
				CLANG_ENABLE_MODULES = YES;
				CLANG_ENABLE_OBJC_ARC = YES;
				CLANG_WARN_BOOL_CONVERSION = YES;
				CLANG_WARN_CONSTANT_CONVERSION = YES;
				CLANG_WARN_DIRECT_OBJC_ISA_USAGE = YES_ERROR;
				CLANG_WARN_DOCUMENTATION_COMMENTS = YES;
				CLANG_WARN_EMPTY_BODY = YES;
				CLANG_WARN_ENUM_CONVERSION = YES;
				CLANG_WARN_INFINITE_RECURSION = YES;
				CLANG_WARN_INT_CONVERSION = YES;
				CLANG_WARN_OBJC_ROOT_CLASS = YES_ERROR;
				CLANG_WARN_SUSPICIOUS_MOVE = YES;
				CLANG_WARN_UNREACHABLE_CODE = YES;
				CLANG_WARN__DUPLICATE_METHOD_MATCH = YES;
				"CODE_SIGN_IDENTITY[sdk=iphoneos*]" = "iPhone Developer";
				COPY_PHASE_STRIP = NO;
				DEBUG_INFORMATION_FORMAT = dwarf;
				ENABLE_STRICT_OBJC_MSGSEND = YES;
				ENABLE_TESTABILITY = YES;
				GCC_C_LANGUAGE_STANDARD = gnu99;
				GCC_DYNAMIC_NO_PIC = NO;
				GCC_NO_COMMON_BLOCKS = YES;
				GCC_OPTIMIZATION_LEVEL = 0;
				GCC_PREPROCESSOR_DEFINITIONS = (
					"DEBUG=1",
					"$(inherited)",
				);
				GCC_WARN_64_TO_32_BIT_CONVERSION = YES;
				GCC_WARN_ABOUT_RETURN_TYPE = YES_ERROR;
				GCC_WARN_UNDECLARED_SELECTOR = YES;
				GCC_WARN_UNINITIALIZED_AUTOS = YES_AGGRESSIVE;
				GCC_WARN_UNUSED_FUNCTION = YES;
				GCC_WARN_UNUSED_VARIABLE = YES;
				IPHONEOS_DEPLOYMENT_TARGET = 10.3;
				MTL_ENABLE_DEBUG_INFO = YES;
				ONLY_ACTIVE_ARCH = YES;
				SDKROOT = iphoneos;
				SWIFT_ACTIVE_COMPILATION_CONDITIONS = DEBUG;
				SWIFT_OPTIMIZATION_LEVEL = "-Onone";
			};
			name = Debug;
		};
		A90938E91EFC1B40004F4B65 /* Release */ = {
			isa = XCBuildConfiguration;
			buildSettings = {
				ALWAYS_SEARCH_USER_PATHS = NO;
				CLANG_ANALYZER_NONNULL = YES;
				CLANG_ANALYZER_NUMBER_OBJECT_CONVERSION = YES_AGGRESSIVE;
				CLANG_CXX_LANGUAGE_STANDARD = "gnu++0x";
				CLANG_CXX_LIBRARY = "libc++";
				CLANG_ENABLE_MODULES = YES;
				CLANG_ENABLE_OBJC_ARC = YES;
				CLANG_WARN_BOOL_CONVERSION = YES;
				CLANG_WARN_CONSTANT_CONVERSION = YES;
				CLANG_WARN_DIRECT_OBJC_ISA_USAGE = YES_ERROR;
				CLANG_WARN_DOCUMENTATION_COMMENTS = YES;
				CLANG_WARN_EMPTY_BODY = YES;
				CLANG_WARN_ENUM_CONVERSION = YES;
				CLANG_WARN_INFINITE_RECURSION = YES;
				CLANG_WARN_INT_CONVERSION = YES;
				CLANG_WARN_OBJC_ROOT_CLASS = YES_ERROR;
				CLANG_WARN_SUSPICIOUS_MOVE = YES;
				CLANG_WARN_UNREACHABLE_CODE = YES;
				CLANG_WARN__DUPLICATE_METHOD_MATCH = YES;
				"CODE_SIGN_IDENTITY[sdk=iphoneos*]" = "iPhone Developer";
				COPY_PHASE_STRIP = NO;
				DEBUG_INFORMATION_FORMAT = "dwarf-with-dsym";
				ENABLE_NS_ASSERTIONS = NO;
				ENABLE_STRICT_OBJC_MSGSEND = YES;
				GCC_C_LANGUAGE_STANDARD = gnu99;
				GCC_NO_COMMON_BLOCKS = YES;
				GCC_WARN_64_TO_32_BIT_CONVERSION = YES;
				GCC_WARN_ABOUT_RETURN_TYPE = YES_ERROR;
				GCC_WARN_UNDECLARED_SELECTOR = YES;
				GCC_WARN_UNINITIALIZED_AUTOS = YES_AGGRESSIVE;
				GCC_WARN_UNUSED_FUNCTION = YES;
				GCC_WARN_UNUSED_VARIABLE = YES;
				IPHONEOS_DEPLOYMENT_TARGET = 10.3;
				MTL_ENABLE_DEBUG_INFO = NO;
				SDKROOT = iphoneos;
				SWIFT_OPTIMIZATION_LEVEL = "-Owholemodule";
				VALIDATE_PRODUCT = YES;
			};
			name = Release;
		};
		A90938EB1EFC1B40004F4B65 /* Debug */ = {
			isa = XCBuildConfiguration;
			buildSettings = {
				ASSETCATALOG_COMPILER_APPICON_NAME = AppIcon;
				INFOPLIST_FILE = PaddingLabelSample/Info.plist;
				LD_RUNPATH_SEARCH_PATHS = "$(inherited) @executable_path/Frameworks";
				PRODUCT_BUNDLE_IDENTIFIER = com.baccusf.PaddingLabelSample;
				PRODUCT_NAME = "$(TARGET_NAME)";
				SWIFT_VERSION = 3.0;
			};
			name = Debug;
		};
		A90938EC1EFC1B40004F4B65 /* Release */ = {
			isa = XCBuildConfiguration;
			buildSettings = {
				ASSETCATALOG_COMPILER_APPICON_NAME = AppIcon;
				INFOPLIST_FILE = PaddingLabelSample/Info.plist;
				LD_RUNPATH_SEARCH_PATHS = "$(inherited) @executable_path/Frameworks";
				PRODUCT_BUNDLE_IDENTIFIER = com.baccusf.PaddingLabelSample;
				PRODUCT_NAME = "$(TARGET_NAME)";
				SWIFT_VERSION = 3.0;
			};
			name = Release;
		};
/* End XCBuildConfiguration section */

/* Begin XCConfigurationList section */
		A90938D31EFC1B40004F4B65 /* Build configuration list for PBXProject "PaddingLabelSample" */ = {
			isa = XCConfigurationList;
			buildConfigurations = (
				A90938E81EFC1B40004F4B65 /* Debug */,
				A90938E91EFC1B40004F4B65 /* Release */,
			);
			defaultConfigurationIsVisible = 0;
			defaultConfigurationName = Release;
		};
		A90938EA1EFC1B40004F4B65 /* Build configuration list for PBXNativeTarget "PaddingLabelSample" */ = {
			isa = XCConfigurationList;
			buildConfigurations = (
				A90938EB1EFC1B40004F4B65 /* Debug */,
				A90938EC1EFC1B40004F4B65 /* Release */,
			);
			defaultConfigurationIsVisible = 0;
			defaultConfigurationName = Release;
		};
/* End XCConfigurationList section */
	};
	rootObject = A90938D01EFC1B40004F4B65 /* Project object */;
}
